
Microsoft Visual Studio Solution File, Format Version 12.00
# Visual Studio Version 16
VisualStudioVersion = 16.0.29806.167
MinimumVisualStudioVersion = 10.0.40219.1
Project("{FAE04EC0-301F-11D3-BF4B-00C04F79EFBC}") = "LearnXamarin.Android", "LearnXamarin.Android\LearnXamarin.Android.csproj", "{64BC9514-CADF-4C64-877C-0064643AE8D5}"
EndProject
Project("{FAE04EC0-301F-11D3-BF4B-00C04F79EFBC}") = "LearnXamarin.iOS", "LearnXamarin.iOS\LearnXamarin.iOS.csproj", "{7D4C0D5F-39DB-4562-BFBD-7EE55E489680}"
EndProject
Project("{FAE04EC0-301F-11D3-BF4B-00C04F79EFBC}") = "LearnXamarin", "LearnXamarin\LearnXamarin.csproj", "{09B63F61-3662-4EF7-AC93-9453EF5B50CB}"
EndProject
Global
	GlobalSection(SolutionConfigurationPlatforms) = preSolution
		Debug|Any CPU = Debug|Any CPU
		Debug|iPhone = Debug|iPhone
		Debug|iPhoneSimulator = Debug|iPhoneSimulator
		Release|Any CPU = Release|Any CPU
		Release|iPhone = Release|iPhone
		Release|iPhoneSimulator = Release|iPhoneSimulator
	EndGlobalSection
	GlobalSection(ProjectConfigurationPlatforms) = postSolution
		{64BC9514-CADF-4C64-877C-0064643AE8D5}.Debug|Any CPU.ActiveCfg = Debug|Any CPU
		{64BC9514-CADF-4C64-877C-0064643AE8D5}.Debug|Any CPU.Build.0 = Debug|Any CPU
		{64BC9514-CADF-4C64-877C-0064643AE8D5}.Debug|Any CPU.Deploy.0 = Debug|Any CPU
		{64BC9514-CADF-4C64-877C-0064643AE8D5}.Debug|iPhone.ActiveCfg = Debug|Any CPU
		{64BC9514-CADF-4C64-877C-0064643AE8D5}.Debug|iPhone.Build.0 = Debug|Any CPU
		{64BC9514-CADF-4C64-877C-0064643AE8D5}.Debug|iPhone.Deploy.0 = Debug|Any CPU
		{64BC9514-CADF-4C64-877C-0064643AE8D5}.Debug|iPhoneSimulator.ActiveCfg = Debug|Any CPU
		{64BC9514-CADF-4C64-877C-0064643AE8D5}.Debug|iPhoneSimulator.Build.0 = Debug|Any CPU
		{64BC9514-CADF-4C64-877C-0064643AE8D5}.Debug|iPhoneSimulator.Deploy.0 = Debug|Any CPU
		{64BC9514-CADF-4C64-877C-0064643AE8D5}.Release|Any CPU.ActiveCfg = Release|Any CPU
		{64BC9514-CADF-4C64-877C-0064643AE8D5}.Release|Any CPU.Build.0 = Release|Any CPU
		{64BC9514-CADF-4C64-877C-0064643AE8D5}.Release|Any CPU.Deploy.0 = Release|Any CPU
		{64BC9514-CADF-4C64-877C-0064643AE8D5}.Release|iPhone.ActiveCfg = Release|Any CPU
		{64BC9514-CADF-4C64-877C-0064643AE8D5}.Release|iPhone.Build.0 = Release|Any CPU
		{64BC9514-CADF-4C64-877C-0064643AE8D5}.Release|iPhone.Deploy.0 = Release|Any CPU
		{64BC9514-CADF-4C64-877C-0064643AE8D5}.Release|iPhoneSimulator.ActiveCfg = Release|Any CPU
		{64BC9514-CADF-4C64-877C-0064643AE8D5}.Release|iPhoneSimulator.Build.0 = Release|Any CPU
		{64BC9514-CADF-4C64-877C-0064643AE8D5}.Release|iPhoneSimulator.Deploy.0 = Release|Any CPU
		{7D4C0D5F-39DB-4562-BFBD-7EE55E489680}.Debug|Any CPU.ActiveCfg = Debug|iPhoneSimulator
		{7D4C0D5F-39DB-4562-BFBD-7EE55E489680}.Debug|Any CPU.Build.0 = Debug|iPhoneSimulator
		{7D4C0D5F-39DB-4562-BFBD-7EE55E489680}.Debug|Any CPU.Deploy.0 = Debug|iPhoneSimulator
		{7D4C0D5F-39DB-4562-BFBD-7EE55E489680}.Debug|iPhone.ActiveCfg = Debug|iPhone
		{7D4C0D5F-39DB-4562-BFBD-7EE55E489680}.Debug|iPhone.Build.0 = Debug|iPhone
		{7D4C0D5F-39DB-4562-BFBD-7EE55E489680}.Debug|iPhone.Deploy.0 = Debug|iPhone
		{7D4C0D5F-39DB-4562-BFBD-7EE55E489680}.Debug|iPhoneSimulator.ActiveCfg = Debug|iPhoneSimulator
		{7D4C0D5F-39DB-4562-BFBD-7EE55E489680}.Debug|iPhoneSimulator.Build.0 = Debug|iPhoneSimulator
		{7D4C0D5F-39DB-4562-BFBD-7EE55E489680}.Debug|iPhoneSimulator.Deploy.0 = Debug|iPhoneSimulator
		{7D4C0D5F-39DB-4562-BFBD-7EE55E489680}.Release|Any CPU.ActiveCfg = Release|iPhone
		{7D4C0D5F-39DB-4562-BFBD-7EE55E489680}.Release|Any CPU.Build.0 = Release|iPhone
		{7D4C0D5F-39DB-4562-BFBD-7EE55E489680}.Release|Any CPU.Deploy.0 = Release|iPhone
		{7D4C0D5F-39DB-4562-BFBD-7EE55E489680}.Release|iPhone.ActiveCfg = Release|iPhone
		{7D4C0D5F-39DB-4562-BFBD-7EE55E489680}.Release|iPhone.Build.0 = Release|iPhone
		{7D4C0D5F-39DB-4562-BFBD-7EE55E489680}.Release|iPhone.Deploy.0 = Release|iPhone
		{7D4C0D5F-39DB-4562-BFBD-7EE55E489680}.Release|iPhoneSimulator.ActiveCfg = Release|iPhoneSimulator
		{7D4C0D5F-39DB-4562-BFBD-7EE55E489680}.Release|iPhoneSimulator.Build.0 = Release|iPhoneSimulator
		{7D4C0D5F-39DB-4562-BFBD-7EE55E489680}.Release|iPhoneSimulator.Deploy.0 = Release|iPhoneSimulator
		{09B63F61-3662-4EF7-AC93-9453EF5B50CB}.Debug|Any CPU.ActiveCfg = Debug|Any CPU
		{09B63F61-3662-4EF7-AC93-9453EF5B50CB}.Debug|Any CPU.Build.0 = Debug|Any CPU
		{09B63F61-3662-4EF7-AC93-9453EF5B50CB}.Debug|Any CPU.Deploy.0 = Debug|Any CPU
		{09B63F61-3662-4EF7-AC93-9453EF5B50CB}.Debug|iPhone.ActiveCfg = Debug|Any CPU
		{09B63F61-3662-4EF7-AC93-9453EF5B50CB}.Debug|iPhone.Build.0 = Debug|Any CPU
		{09B63F61-3662-4EF7-AC93-9453EF5B50CB}.Debug|iPhone.Deploy.0 = Debug|Any CPU
		{09B63F61-3662-4EF7-AC93-9453EF5B50CB}.Debug|iPhoneSimulator.ActiveCfg = Debug|Any CPU
		{09B63F61-3662-4EF7-AC93-9453EF5B50CB}.Debug|iPhoneSimulator.Build.0 = Debug|Any CPU
		{09B63F61-3662-4EF7-AC93-9453EF5B50CB}.Debug|iPhoneSimulator.Deploy.0 = Debug|Any CPU
		{09B63F61-3662-4EF7-AC93-9453EF5B50CB}.Release|Any CPU.ActiveCfg = Release|Any CPU
		{09B63F61-3662-4EF7-AC93-9453EF5B50CB}.Release|Any CPU.Build.0 = Release|Any CPU
		{09B63F61-3662-4EF7-AC93-9453EF5B50CB}.Release|Any CPU.Deploy.0 = Release|Any CPU
		{09B63F61-3662-4EF7-AC93-9453EF5B50CB}.Release|iPhone.ActiveCfg = Release|Any CPU
		{09B63F61-3662-4EF7-AC93-9453EF5B50CB}.Release|iPhone.Build.0 = Release|Any CPU
		{09B63F61-3662-4EF7-AC93-9453EF5B50CB}.Release|iPhone.Deploy.0 = Release|Any CPU
		{09B63F61-3662-4EF7-AC93-9453EF5B50CB}.Release|iPhoneSimulator.ActiveCfg = Release|Any CPU
		{09B63F61-3662-4EF7-AC93-9453EF5B50CB}.Release|iPhoneSimulator.Build.0 = Release|Any CPU
		{09B63F61-3662-4EF7-AC93-9453EF5B50CB}.Release|iPhoneSimulator.Deploy.0 = Release|Any CPU
	EndGlobalSection
	GlobalSection(SolutionProperties) = preSolution
		HideSolutionNode = FALSE
	EndGlobalSection
	GlobalSection(ExtensibilityGlobals) = postSolution
		SolutionGuid = {E86C0994-1449-4298-A363-3CB484A0BF06}
	EndGlobalSection
EndGlobal
